
Microsoft Visual Studio Solution File, Format Version 12.00
# Visual Studio Version 16
VisualStudioVersion = 16.0.31624.102
MinimumVisualStudioVersion = 10.0.40219.1
Project("{FAE04EC0-301F-11D3-BF4B-00C04F79EFBC}") = "CPKIO", "CPKIO.csproj", "{773A8828-94B0-44C4-9439-E753F7635F17}"
EndProject
Global
	GlobalSection(SolutionConfigurationPlatforms) = preSolution
		Debug|Any CPU = Debug|Any CPU
		Release|Any CPU = Release|Any CPU
	EndGlobalSection
	GlobalSection(ProjectConfigurationPlatforms) = postSolution
		{773A8828-94B0-44C4-9439-E753F7635F17}.Debug|Any CPU.ActiveCfg = Debug|Any CPU
		{773A8828-94B0-44C4-9439-E753F7635F17}.Debug|Any CPU.Build.0 = Debug|Any CPU
		{773A8828-94B0-44C4-9439-E753F7635F17}.Release|Any CPU.ActiveCfg = Release|Any CPU
		{773A8828-94B0-44C4-9439-E753F7635F17}.Release|Any CPU.Build.0 = Release|Any CPU
	EndGlobalSection
	GlobalSection(SolutionProperties) = preSolution
		HideSolutionNode = FALSE
	EndGlobalSection
	GlobalSection(ExtensibilityGlobals) = postSolution
		SolutionGuid = {7DB9BCF0-427F-41BD-8FF4-55EBAE4D2C83}
	EndGlobalSection
EndGlobal
